
Microsoft Visual Studio Solution File, Format Version 12.00
# Visual Studio Version 16
VisualStudioVersion = 16.0.29519.87
MinimumVisualStudioVersion = 10.0.40219.1
Project("{FAE04EC0-301F-11D3-BF4B-00C04F79EFBC}") = "ConsoleUI", "ConsoleUI\ConsoleUI.csproj", "{DF5736D7-1077-43D0-803B-6BC79896F47C}"
EndProject
Project("{FAE04EC0-301F-11D3-BF4B-00C04F79EFBC}") = "DemoLibrary", "DemoLibrary\DemoLibrary.csproj", "{17DB7369-0653-4483-A73B-916EFA0BCA02}"
EndProject
Global
	GlobalSection(SolutionConfigurationPlatforms) = preSolution
		Debug|Any CPU = Debug|Any CPU
		Release|Any CPU = Release|Any CPU
	EndGlobalSection
	GlobalSection(ProjectConfigurationPlatforms) = postSolution
		{DF5736D7-1077-43D0-803B-6BC79896F47C}.Debug|Any CPU.ActiveCfg = Debug|Any CPU
		{DF5736D7-1077-43D0-803B-6BC79896F47C}.Debug|Any CPU.Build.0 = Debug|Any CPU
		{DF5736D7-1077-43D0-803B-6BC79896F47C}.Release|Any CPU.ActiveCfg = Release|Any CPU
		{DF5736D7-1077-43D0-803B-6BC79896F47C}.Release|Any CPU.Build.0 = Release|Any CPU
		{17DB7369-0653-4483-A73B-916EFA0BCA02}.Debug|Any CPU.ActiveCfg = Debug|Any CPU
		{17DB7369-0653-4483-A73B-916EFA0BCA02}.Debug|Any CPU.Build.0 = Debug|Any CPU
		{17DB7369-0653-4483-A73B-916EFA0BCA02}.Release|Any CPU.ActiveCfg = Release|Any CPU
		{17DB7369-0653-4483-A73B-916EFA0BCA02}.Release|Any CPU.Build.0 = Release|Any CPU
	EndGlobalSection
	GlobalSection(SolutionProperties) = preSolution
		HideSolutionNode = FALSE
	EndGlobalSection
	GlobalSection(ExtensibilityGlobals) = postSolution
		SolutionGuid = {6C0F1F17-36FF-4303-AD0B-F97A1B443782}
	EndGlobalSection
EndGlobal
